
Microsoft Visual Studio Solution File, Format Version 12.00
# Visual Studio Version 17
VisualStudioVersion = 17.4.33213.308
MinimumVisualStudioVersion = 10.0.40219.1
Project("{9A19103F-16F7-4668-BE54-9A1E7A4F7556}") = "ConsoleAppRandomClient", "ConsoleAppRandomClient.csproj", "{8AB50A8B-DF2D-40B9-9DCD-5EDE406CD690}"
EndProject
Global
	GlobalSection(SolutionConfigurationPlatforms) = preSolution
		Debug|Any CPU = Debug|Any CPU
		Release|Any CPU = Release|Any CPU
	EndGlobalSection
	GlobalSection(ProjectConfigurationPlatforms) = postSolution
		{8AB50A8B-DF2D-40B9-9DCD-5EDE406CD690}.Debug|Any CPU.ActiveCfg = Debug|Any CPU
		{8AB50A8B-DF2D-40B9-9DCD-5EDE406CD690}.Debug|Any CPU.Build.0 = Debug|Any CPU
		{8AB50A8B-DF2D-40B9-9DCD-5EDE406CD690}.Release|Any CPU.ActiveCfg = Release|Any CPU
		{8AB50A8B-DF2D-40B9-9DCD-5EDE406CD690}.Release|Any CPU.Build.0 = Release|Any CPU
	EndGlobalSection
	GlobalSection(SolutionProperties) = preSolution
		HideSolutionNode = FALSE
	EndGlobalSection
	GlobalSection(ExtensibilityGlobals) = postSolution
		SolutionGuid = {6BFE38D0-2D12-48EF-B81C-56EE43B6A395}
	EndGlobalSection
EndGlobal
